
Microsoft Visual Studio Solution File, Format Version 12.00
# Visual Studio Version 16
VisualStudioVersion = 16.0.29709.97
MinimumVisualStudioVersion = 10.0.40219.1
Project("{FAE04EC0-301F-11D3-BF4B-00C04F79EFBC}") = "CrowdFunding.ASP", "CrowdFunding.ASP\CrowdFunding.ASP.csproj", "{4127C5F0-8838-4CE2-BF5B-86100402BB22}"
EndProject
Project("{FAE04EC0-301F-11D3-BF4B-00C04F79EFBC}") = "CrowdFunding.BLL", "CrowdFunding.BLL\CrowdFunding.BLL.csproj", "{ECDFF374-0E69-45BA-938C-9ADA46719F50}"
EndProject
Project("{FAE04EC0-301F-11D3-BF4B-00C04F79EFBC}") = "CrowdFunding.DAL", "CrowdFunding.DAL\CrowdFunding.DAL.csproj", "{68561D08-83A1-4113-B077-8796491ED48B}"
EndProject
Project("{FAE04EC0-301F-11D3-BF4B-00C04F79EFBC}") = "ToolBox.ADO", "ToolBox.ADO\ToolBox.ADO.csproj", "{F2B5F9AF-806B-4A11-962B-A7E9890C853F}"
EndProject
Project("{00D1A9C2-B5F0-4AF3-8072-F6C62B433612}") = "CrowdFunding.DB", "CrowdFunding.DB\CrowdFunding.DB.sqlproj", "{0F2F0B6A-11CD-49DE-A7A2-D2D93E7CB763}"
EndProject
Global
	GlobalSection(SolutionConfigurationPlatforms) = preSolution
		Debug|Any CPU = Debug|Any CPU
		Release|Any CPU = Release|Any CPU
	EndGlobalSection
	GlobalSection(ProjectConfigurationPlatforms) = postSolution
		{4127C5F0-8838-4CE2-BF5B-86100402BB22}.Debug|Any CPU.ActiveCfg = Debug|Any CPU
		{4127C5F0-8838-4CE2-BF5B-86100402BB22}.Debug|Any CPU.Build.0 = Debug|Any CPU
		{4127C5F0-8838-4CE2-BF5B-86100402BB22}.Release|Any CPU.ActiveCfg = Release|Any CPU
		{4127C5F0-8838-4CE2-BF5B-86100402BB22}.Release|Any CPU.Build.0 = Release|Any CPU
		{ECDFF374-0E69-45BA-938C-9ADA46719F50}.Debug|Any CPU.ActiveCfg = Debug|Any CPU
		{ECDFF374-0E69-45BA-938C-9ADA46719F50}.Debug|Any CPU.Build.0 = Debug|Any CPU
		{ECDFF374-0E69-45BA-938C-9ADA46719F50}.Release|Any CPU.ActiveCfg = Release|Any CPU
		{ECDFF374-0E69-45BA-938C-9ADA46719F50}.Release|Any CPU.Build.0 = Release|Any CPU
		{68561D08-83A1-4113-B077-8796491ED48B}.Debug|Any CPU.ActiveCfg = Debug|Any CPU
		{68561D08-83A1-4113-B077-8796491ED48B}.Debug|Any CPU.Build.0 = Debug|Any CPU
		{68561D08-83A1-4113-B077-8796491ED48B}.Release|Any CPU.ActiveCfg = Release|Any CPU
		{68561D08-83A1-4113-B077-8796491ED48B}.Release|Any CPU.Build.0 = Release|Any CPU
		{F2B5F9AF-806B-4A11-962B-A7E9890C853F}.Debug|Any CPU.ActiveCfg = Debug|Any CPU
		{F2B5F9AF-806B-4A11-962B-A7E9890C853F}.Debug|Any CPU.Build.0 = Debug|Any CPU
		{F2B5F9AF-806B-4A11-962B-A7E9890C853F}.Release|Any CPU.ActiveCfg = Release|Any CPU
		{F2B5F9AF-806B-4A11-962B-A7E9890C853F}.Release|Any CPU.Build.0 = Release|Any CPU
		{0F2F0B6A-11CD-49DE-A7A2-D2D93E7CB763}.Debug|Any CPU.ActiveCfg = Debug|Any CPU
		{0F2F0B6A-11CD-49DE-A7A2-D2D93E7CB763}.Debug|Any CPU.Build.0 = Debug|Any CPU
		{0F2F0B6A-11CD-49DE-A7A2-D2D93E7CB763}.Debug|Any CPU.Deploy.0 = Debug|Any CPU
		{0F2F0B6A-11CD-49DE-A7A2-D2D93E7CB763}.Release|Any CPU.ActiveCfg = Release|Any CPU
		{0F2F0B6A-11CD-49DE-A7A2-D2D93E7CB763}.Release|Any CPU.Build.0 = Release|Any CPU
		{0F2F0B6A-11CD-49DE-A7A2-D2D93E7CB763}.Release|Any CPU.Deploy.0 = Release|Any CPU
	EndGlobalSection
	GlobalSection(SolutionProperties) = preSolution
		HideSolutionNode = FALSE
	EndGlobalSection
	GlobalSection(ExtensibilityGlobals) = postSolution
		SolutionGuid = {4AE953A6-028E-45BF-8B22-CF5AC079A53D}
	EndGlobalSection
EndGlobal
